
Microsoft Visual Studio Solution File, Format Version 12.00
# Visual Studio Version 16
VisualStudioVersion = 16.0.29728.190
MinimumVisualStudioVersion = 10.0.40219.1
Project("{FAE04EC0-301F-11D3-BF4B-00C04F79EFBC}") = "LeaveAPI", "LeaveAPI\LeaveAPI.csproj", "{ACD1E321-8801-431A-8932-55BE67BDC719}"
EndProject
Global
	GlobalSection(SolutionConfigurationPlatforms) = preSolution
		Debug|Any CPU = Debug|Any CPU
		Release|Any CPU = Release|Any CPU
	EndGlobalSection
	GlobalSection(ProjectConfigurationPlatforms) = postSolution
		{ACD1E321-8801-431A-8932-55BE67BDC719}.Debug|Any CPU.ActiveCfg = Debug|Any CPU
		{ACD1E321-8801-431A-8932-55BE67BDC719}.Debug|Any CPU.Build.0 = Debug|Any CPU
		{ACD1E321-8801-431A-8932-55BE67BDC719}.Release|Any CPU.ActiveCfg = Release|Any CPU
		{ACD1E321-8801-431A-8932-55BE67BDC719}.Release|Any CPU.Build.0 = Release|Any CPU
	EndGlobalSection
	GlobalSection(SolutionProperties) = preSolution
		HideSolutionNode = FALSE
	EndGlobalSection
	GlobalSection(ExtensibilityGlobals) = postSolution
		SolutionGuid = {FF382A47-D1EB-4C03-B906-A5D827225744}
	EndGlobalSection
EndGlobal
